{
  "version": 4,
  "terraform_version": "0.14.5",
  "serial": 3,
  "lineage": "443dfa1f-2bae-68e3-3d2c-c5806ca2f17c",
  "outputs": {
    "public_ip_address_srv-1": {
      "value": "185.177.92.161",
      "type": "string"
    }
  },
  "resources": [
    {
      "mode": "managed",
      "type": "ah_cloud_server",
      "name": "srv-1",
      "provider": "provider[\"registry.terraform.io/advancedhosting/ah\"]",
      "instances": [
        {
          "schema_version": 0,
          "attributes": {
            "backups": false,
            "create_public_ip_address": true,
            "created_at": "2021-03-04T12:10:02.936Z",
            "datacenter": "ams1",
            "disk": 1024,
            "id": "5ac1ffd2-1996-47c1-9168-718495a66899",
            "image": "centos-7-x64",
            "ips": [
              {
                "assignment_id": "acbbbbb8-7937-4ce7-a8fc-e82544f62631",
                "ip_address": "185.177.92.161",
                "primary": true,
                "reverse_dns": "ip-185-177-92-161.ah-server.com",
                "type": "public"
              }
            ],
            "name": "otus-lab-1",
            "product": "start-xs",
            "ram": 1024,
            "ssh_keys": [
              "02:84:8c:29:4d:16:10:12:3e:7e:48:fc:d4:46:d8:81"
            ],
            "state": "running",
            "use_password": false,
            "vcpu": 1
          },
          "sensitive_attributes": [],
          "private": "bnVsbA=="
        }
      ]
    },
    {
      "mode": "managed",
      "type": "local_file",
      "name": "AnsibleInventory",
      "provider": "provider[\"registry.terraform.io/hashicorp/local\"]",
      "instances": [
        {
          "schema_version": 0,
          "attributes": {
            "content": "[vms]\n185.177.92.161",
            "content_base64": null,
            "directory_permission": "0777",
            "file_permission": "0777",
            "filename": "hosts",
            "id": "bd2a02cd6e43abd74b6940d85e36d547a91211e3",
            "sensitive_content": null,
            "source": null
          },
          "sensitive_attributes": [],
          "private": "bnVsbA==",
          "dependencies": [
            "ah_cloud_server.srv-1"
          ]
        }
      ]
    }
  ]
}
